
Microsoft Visual Studio Solution File, Format Version 12.00
# Visual Studio Version 17
VisualStudioVersion = 17.0.31710.8
MinimumVisualStudioVersion = 10.0.40219.1
Project("{2150E333-8FDC-42A3-9474-1A3956D46DE8}") = "Solution Items", "Solution Items", "{71E357C7-8DF1-447D-A0CA-084BA3F2AF83}"
	ProjectSection(SolutionItems) = preProject
		.editorconfig = .editorconfig
		Directory.Build.props = Directory.Build.props
		Directory.Build.targets = Directory.Build.targets
		.github\workflows\dotnet.yml = .github\workflows\dotnet.yml
		nuget.config = nuget.config
		Readme.md = Readme.md
		version.json = version.json
	EndProjectSection
EndProject
Project("{2150E333-8FDC-42A3-9474-1A3956D46DE8}") = "src", "src", "{175AB6E2-5FB5-4C15-94C2-DCA2EE6B0703}"
EndProject
Project("{2150E333-8FDC-42A3-9474-1A3956D46DE8}") = "samples", "samples", "{50192AAF-25B6-447A-99AA-BA8161DBB594}"
EndProject
Project("{9A19103F-16F7-4668-BE54-9A1E7A4F7556}") = "BlazorBindings.Core", "src\BlazorBindings.Core\BlazorBindings.Core.csproj", "{4095ACDC-733A-4C95-9DB1-D2FD47149863}"
EndProject
Project("{FAE04EC0-301F-11D3-BF4B-00C04F79EFBC}") = "BlazorBindings.Brutalist", "src\BlazorBindings.Brutalist\BlazorBindings.Brutalist.csproj", "{F581E145-4E43-47B1-9EB7-6D2DDB7B5DE9}"
EndProject
Project("{FAE04EC0-301F-11D3-BF4B-00C04F79EFBC}") = "BrutalisSample", "samples\Brutalis.Sample\BrutalisSample.csproj", "{EDA88675-A3CB-4D88-A33C-D60649A3748F}"
EndProject
Project("{FAE04EC0-301F-11D3-BF4B-00C04F79EFBC}") = "Brutalis.ImageRendererSample", "samples\Brutalis.ImageRendererSample\Brutalis.ImageRendererSample.csproj", "{FA53D677-9B2F-4DAA-AECA-118CB0EF47C8}"
EndProject
Project("{FAE04EC0-301F-11D3-BF4B-00C04F79EFBC}") = "Brutalis.ImageRendererWebSample", "samples\Brutalis.ImageRendererWebSample\Brutalis.ImageRendererWebSample.csproj", "{C7DF823E-DB6D-4FD0-B8D3-B0F75D7D9156}"
EndProject
Project("{FAE04EC0-301F-11D3-BF4B-00C04F79EFBC}") = "BlazorBindings.Brutalist.Material", "src\BlazorBindings.Brutalist.Material\BlazorBindings.Brutalist.Material.csproj", "{2F38F3A3-E47A-4F00-9BE3-2D580869519D}"
EndProject
Project("{FAE04EC0-301F-11D3-BF4B-00C04F79EFBC}") = "Brutalis.CustomComponentsSample", "samples\Brutalis.CustomComponentsSample\Brutalis.CustomComponentsSample.csproj", "{0E04E6C6-590E-40D6-92F3-C99B235B865F}"
EndProject
Project("{FAE04EC0-301F-11D3-BF4B-00C04F79EFBC}") = "BlazorBindings.Brutalist.Phosphor", "src\BlazorBindings.Brutalist.Phosphor\BlazorBindings.Brutalist.Phosphor.csproj", "{C15AD4D1-E714-41DF-8ED5-3882FC6DE339}"
EndProject
Global
	GlobalSection(SolutionConfigurationPlatforms) = preSolution
		Debug|Any CPU = Debug|Any CPU
		Debug|iPhone = Debug|iPhone
		Debug|iPhoneSimulator = Debug|iPhoneSimulator
		Debug|x64 = Debug|x64
		Debug|x86 = Debug|x86
		Release|Any CPU = Release|Any CPU
		Release|iPhone = Release|iPhone
		Release|iPhoneSimulator = Release|iPhoneSimulator
		Release|x64 = Release|x64
		Release|x86 = Release|x86
	EndGlobalSection
	GlobalSection(ProjectConfigurationPlatforms) = postSolution
		{4095ACDC-733A-4C95-9DB1-D2FD47149863}.Debug|Any CPU.ActiveCfg = Debug|Any CPU
		{4095ACDC-733A-4C95-9DB1-D2FD47149863}.Debug|Any CPU.Build.0 = Debug|Any CPU
		{4095ACDC-733A-4C95-9DB1-D2FD47149863}.Debug|iPhone.ActiveCfg = Debug|Any CPU
		{4095ACDC-733A-4C95-9DB1-D2FD47149863}.Debug|iPhone.Build.0 = Debug|Any CPU
		{4095ACDC-733A-4C95-9DB1-D2FD47149863}.Debug|iPhoneSimulator.ActiveCfg = Debug|Any CPU
		{4095ACDC-733A-4C95-9DB1-D2FD47149863}.Debug|iPhoneSimulator.Build.0 = Debug|Any CPU
		{4095ACDC-733A-4C95-9DB1-D2FD47149863}.Debug|x64.ActiveCfg = Debug|Any CPU
		{4095ACDC-733A-4C95-9DB1-D2FD47149863}.Debug|x64.Build.0 = Debug|Any CPU
		{4095ACDC-733A-4C95-9DB1-D2FD47149863}.Debug|x86.ActiveCfg = Debug|Any CPU
		{4095ACDC-733A-4C95-9DB1-D2FD47149863}.Debug|x86.Build.0 = Debug|Any CPU
		{4095ACDC-733A-4C95-9DB1-D2FD47149863}.Release|Any CPU.ActiveCfg = Release|Any CPU
		{4095ACDC-733A-4C95-9DB1-D2FD47149863}.Release|Any CPU.Build.0 = Release|Any CPU
		{4095ACDC-733A-4C95-9DB1-D2FD47149863}.Release|iPhone.ActiveCfg = Release|Any CPU
		{4095ACDC-733A-4C95-9DB1-D2FD47149863}.Release|iPhone.Build.0 = Release|Any CPU
		{4095ACDC-733A-4C95-9DB1-D2FD47149863}.Release|iPhoneSimulator.ActiveCfg = Release|Any CPU
		{4095ACDC-733A-4C95-9DB1-D2FD47149863}.Release|iPhoneSimulator.Build.0 = Release|Any CPU
		{4095ACDC-733A-4C95-9DB1-D2FD47149863}.Release|x64.ActiveCfg = Release|Any CPU
		{4095ACDC-733A-4C95-9DB1-D2FD47149863}.Release|x64.Build.0 = Release|Any CPU
		{4095ACDC-733A-4C95-9DB1-D2FD47149863}.Release|x86.ActiveCfg = Release|Any CPU
		{4095ACDC-733A-4C95-9DB1-D2FD47149863}.Release|x86.Build.0 = Release|Any CPU
		{F581E145-4E43-47B1-9EB7-6D2DDB7B5DE9}.Debug|Any CPU.ActiveCfg = Debug|Any CPU
		{F581E145-4E43-47B1-9EB7-6D2DDB7B5DE9}.Debug|Any CPU.Build.0 = Debug|Any CPU
		{F581E145-4E43-47B1-9EB7-6D2DDB7B5DE9}.Debug|iPhone.ActiveCfg = Debug|Any CPU
		{F581E145-4E43-47B1-9EB7-6D2DDB7B5DE9}.Debug|iPhone.Build.0 = Debug|Any CPU
		{F581E145-4E43-47B1-9EB7-6D2DDB7B5DE9}.Debug|iPhoneSimulator.ActiveCfg = Debug|Any CPU
		{F581E145-4E43-47B1-9EB7-6D2DDB7B5DE9}.Debug|iPhoneSimulator.Build.0 = Debug|Any CPU
		{F581E145-4E43-47B1-9EB7-6D2DDB7B5DE9}.Debug|x64.ActiveCfg = Debug|Any CPU
		{F581E145-4E43-47B1-9EB7-6D2DDB7B5DE9}.Debug|x64.Build.0 = Debug|Any CPU
		{F581E145-4E43-47B1-9EB7-6D2DDB7B5DE9}.Debug|x86.ActiveCfg = Debug|Any CPU
		{F581E145-4E43-47B1-9EB7-6D2DDB7B5DE9}.Debug|x86.Build.0 = Debug|Any CPU
		{F581E145-4E43-47B1-9EB7-6D2DDB7B5DE9}.Release|Any CPU.ActiveCfg = Release|Any CPU
		{F581E145-4E43-47B1-9EB7-6D2DDB7B5DE9}.Release|Any CPU.Build.0 = Release|Any CPU
		{F581E145-4E43-47B1-9EB7-6D2DDB7B5DE9}.Release|iPhone.ActiveCfg = Release|Any CPU
		{F581E145-4E43-47B1-9EB7-6D2DDB7B5DE9}.Release|iPhone.Build.0 = Release|Any CPU
		{F581E145-4E43-47B1-9EB7-6D2DDB7B5DE9}.Release|iPhoneSimulator.ActiveCfg = Release|Any CPU
		{F581E145-4E43-47B1-9EB7-6D2DDB7B5DE9}.Release|iPhoneSimulator.Build.0 = Release|Any CPU
		{F581E145-4E43-47B1-9EB7-6D2DDB7B5DE9}.Release|x64.ActiveCfg = Release|Any CPU
		{F581E145-4E43-47B1-9EB7-6D2DDB7B5DE9}.Release|x64.Build.0 = Release|Any CPU
		{F581E145-4E43-47B1-9EB7-6D2DDB7B5DE9}.Release|x86.ActiveCfg = Release|Any CPU
		{F581E145-4E43-47B1-9EB7-6D2DDB7B5DE9}.Release|x86.Build.0 = Release|Any CPU
		{EDA88675-A3CB-4D88-A33C-D60649A3748F}.Debug|Any CPU.ActiveCfg = Debug|Any CPU
		{EDA88675-A3CB-4D88-A33C-D60649A3748F}.Debug|Any CPU.Build.0 = Debug|Any CPU
		{EDA88675-A3CB-4D88-A33C-D60649A3748F}.Debug|iPhone.ActiveCfg = Debug|Any CPU
		{EDA88675-A3CB-4D88-A33C-D60649A3748F}.Debug|iPhone.Build.0 = Debug|Any CPU
		{EDA88675-A3CB-4D88-A33C-D60649A3748F}.Debug|iPhoneSimulator.ActiveCfg = Debug|Any CPU
		{EDA88675-A3CB-4D88-A33C-D60649A3748F}.Debug|iPhoneSimulator.Build.0 = Debug|Any CPU
		{EDA88675-A3CB-4D88-A33C-D60649A3748F}.Debug|x64.ActiveCfg = Debug|Any CPU
		{EDA88675-A3CB-4D88-A33C-D60649A3748F}.Debug|x64.Build.0 = Debug|Any CPU
		{EDA88675-A3CB-4D88-A33C-D60649A3748F}.Debug|x86.ActiveCfg = Debug|Any CPU
		{EDA88675-A3CB-4D88-A33C-D60649A3748F}.Debug|x86.Build.0 = Debug|Any CPU
		{EDA88675-A3CB-4D88-A33C-D60649A3748F}.Release|Any CPU.ActiveCfg = Release|Any CPU
		{EDA88675-A3CB-4D88-A33C-D60649A3748F}.Release|Any CPU.Build.0 = Release|Any CPU
		{EDA88675-A3CB-4D88-A33C-D60649A3748F}.Release|iPhone.ActiveCfg = Release|Any CPU
		{EDA88675-A3CB-4D88-A33C-D60649A3748F}.Release|iPhone.Build.0 = Release|Any CPU
		{EDA88675-A3CB-4D88-A33C-D60649A3748F}.Release|iPhoneSimulator.ActiveCfg = Release|Any CPU
		{EDA88675-A3CB-4D88-A33C-D60649A3748F}.Release|iPhoneSimulator.Build.0 = Release|Any CPU
		{EDA88675-A3CB-4D88-A33C-D60649A3748F}.Release|x64.ActiveCfg = Release|Any CPU
		{EDA88675-A3CB-4D88-A33C-D60649A3748F}.Release|x64.Build.0 = Release|Any CPU
		{EDA88675-A3CB-4D88-A33C-D60649A3748F}.Release|x86.ActiveCfg = Release|Any CPU
		{EDA88675-A3CB-4D88-A33C-D60649A3748F}.Release|x86.Build.0 = Release|Any CPU
		{FA53D677-9B2F-4DAA-AECA-118CB0EF47C8}.Debug|Any CPU.ActiveCfg = Debug|Any CPU
		{FA53D677-9B2F-4DAA-AECA-118CB0EF47C8}.Debug|Any CPU.Build.0 = Debug|Any CPU
		{FA53D677-9B2F-4DAA-AECA-118CB0EF47C8}.Debug|iPhone.ActiveCfg = Debug|Any CPU
		{FA53D677-9B2F-4DAA-AECA-118CB0EF47C8}.Debug|iPhone.Build.0 = Debug|Any CPU
		{FA53D677-9B2F-4DAA-AECA-118CB0EF47C8}.Debug|iPhoneSimulator.ActiveCfg = Debug|Any CPU
		{FA53D677-9B2F-4DAA-AECA-118CB0EF47C8}.Debug|iPhoneSimulator.Build.0 = Debug|Any CPU
		{FA53D677-9B2F-4DAA-AECA-118CB0EF47C8}.Debug|x64.ActiveCfg = Debug|Any CPU
		{FA53D677-9B2F-4DAA-AECA-118CB0EF47C8}.Debug|x64.Build.0 = Debug|Any CPU
		{FA53D677-9B2F-4DAA-AECA-118CB0EF47C8}.Debug|x86.ActiveCfg = Debug|Any CPU
		{FA53D677-9B2F-4DAA-AECA-118CB0EF47C8}.Debug|x86.Build.0 = Debug|Any CPU
		{FA53D677-9B2F-4DAA-AECA-118CB0EF47C8}.Release|Any CPU.ActiveCfg = Release|Any CPU
		{FA53D677-9B2F-4DAA-AECA-118CB0EF47C8}.Release|Any CPU.Build.0 = Release|Any CPU
		{FA53D677-9B2F-4DAA-AECA-118CB0EF47C8}.Release|iPhone.ActiveCfg = Release|Any CPU
		{FA53D677-9B2F-4DAA-AECA-118CB0EF47C8}.Release|iPhone.Build.0 = Release|Any CPU
		{FA53D677-9B2F-4DAA-AECA-118CB0EF47C8}.Release|iPhoneSimulator.ActiveCfg = Release|Any CPU
		{FA53D677-9B2F-4DAA-AECA-118CB0EF47C8}.Release|iPhoneSimulator.Build.0 = Release|Any CPU
		{FA53D677-9B2F-4DAA-AECA-118CB0EF47C8}.Release|x64.ActiveCfg = Release|Any CPU
		{FA53D677-9B2F-4DAA-AECA-118CB0EF47C8}.Release|x64.Build.0 = Release|Any CPU
		{FA53D677-9B2F-4DAA-AECA-118CB0EF47C8}.Release|x86.ActiveCfg = Release|Any CPU
		{FA53D677-9B2F-4DAA-AECA-118CB0EF47C8}.Release|x86.Build.0 = Release|Any CPU
		{C7DF823E-DB6D-4FD0-B8D3-B0F75D7D9156}.Debug|Any CPU.ActiveCfg = Debug|Any CPU
		{C7DF823E-DB6D-4FD0-B8D3-B0F75D7D9156}.Debug|Any CPU.Build.0 = Debug|Any CPU
		{C7DF823E-DB6D-4FD0-B8D3-B0F75D7D9156}.Debug|iPhone.ActiveCfg = Debug|Any CPU
		{C7DF823E-DB6D-4FD0-B8D3-B0F75D7D9156}.Debug|iPhone.Build.0 = Debug|Any CPU
		{C7DF823E-DB6D-4FD0-B8D3-B0F75D7D9156}.Debug|iPhoneSimulator.ActiveCfg = Debug|Any CPU
		{C7DF823E-DB6D-4FD0-B8D3-B0F75D7D9156}.Debug|iPhoneSimulator.Build.0 = Debug|Any CPU
		{C7DF823E-DB6D-4FD0-B8D3-B0F75D7D9156}.Debug|x64.ActiveCfg = Debug|Any CPU
		{C7DF823E-DB6D-4FD0-B8D3-B0F75D7D9156}.Debug|x64.Build.0 = Debug|Any CPU
		{C7DF823E-DB6D-4FD0-B8D3-B0F75D7D9156}.Debug|x86.ActiveCfg = Debug|Any CPU
		{C7DF823E-DB6D-4FD0-B8D3-B0F75D7D9156}.Debug|x86.Build.0 = Debug|Any CPU
		{C7DF823E-DB6D-4FD0-B8D3-B0F75D7D9156}.Release|Any CPU.ActiveCfg = Release|Any CPU
		{C7DF823E-DB6D-4FD0-B8D3-B0F75D7D9156}.Release|Any CPU.Build.0 = Release|Any CPU
		{C7DF823E-DB6D-4FD0-B8D3-B0F75D7D9156}.Release|iPhone.ActiveCfg = Release|Any CPU
		{C7DF823E-DB6D-4FD0-B8D3-B0F75D7D9156}.Release|iPhone.Build.0 = Release|Any CPU
		{C7DF823E-DB6D-4FD0-B8D3-B0F75D7D9156}.Release|iPhoneSimulator.ActiveCfg = Release|Any CPU
		{C7DF823E-DB6D-4FD0-B8D3-B0F75D7D9156}.Release|iPhoneSimulator.Build.0 = Release|Any CPU
		{C7DF823E-DB6D-4FD0-B8D3-B0F75D7D9156}.Release|x64.ActiveCfg = Release|Any CPU
		{C7DF823E-DB6D-4FD0-B8D3-B0F75D7D9156}.Release|x64.Build.0 = Release|Any CPU
		{C7DF823E-DB6D-4FD0-B8D3-B0F75D7D9156}.Release|x86.ActiveCfg = Release|Any CPU
		{C7DF823E-DB6D-4FD0-B8D3-B0F75D7D9156}.Release|x86.Build.0 = Release|Any CPU
		{2F38F3A3-E47A-4F00-9BE3-2D580869519D}.Debug|Any CPU.ActiveCfg = Debug|Any CPU
		{2F38F3A3-E47A-4F00-9BE3-2D580869519D}.Debug|Any CPU.Build.0 = Debug|Any CPU
		{2F38F3A3-E47A-4F00-9BE3-2D580869519D}.Debug|iPhone.ActiveCfg = Debug|Any CPU
		{2F38F3A3-E47A-4F00-9BE3-2D580869519D}.Debug|iPhone.Build.0 = Debug|Any CPU
		{2F38F3A3-E47A-4F00-9BE3-2D580869519D}.Debug|iPhoneSimulator.ActiveCfg = Debug|Any CPU
		{2F38F3A3-E47A-4F00-9BE3-2D580869519D}.Debug|iPhoneSimulator.Build.0 = Debug|Any CPU
		{2F38F3A3-E47A-4F00-9BE3-2D580869519D}.Debug|x64.ActiveCfg = Debug|Any CPU
		{2F38F3A3-E47A-4F00-9BE3-2D580869519D}.Debug|x64.Build.0 = Debug|Any CPU
		{2F38F3A3-E47A-4F00-9BE3-2D580869519D}.Debug|x86.ActiveCfg = Debug|Any CPU
		{2F38F3A3-E47A-4F00-9BE3-2D580869519D}.Debug|x86.Build.0 = Debug|Any CPU
		{2F38F3A3-E47A-4F00-9BE3-2D580869519D}.Release|Any CPU.ActiveCfg = Release|Any CPU
		{2F38F3A3-E47A-4F00-9BE3-2D580869519D}.Release|Any CPU.Build.0 = Release|Any CPU
		{2F38F3A3-E47A-4F00-9BE3-2D580869519D}.Release|iPhone.ActiveCfg = Release|Any CPU
		{2F38F3A3-E47A-4F00-9BE3-2D580869519D}.Release|iPhone.Build.0 = Release|Any CPU
		{2F38F3A3-E47A-4F00-9BE3-2D580869519D}.Release|iPhoneSimulator.ActiveCfg = Release|Any CPU
		{2F38F3A3-E47A-4F00-9BE3-2D580869519D}.Release|iPhoneSimulator.Build.0 = Release|Any CPU
		{2F38F3A3-E47A-4F00-9BE3-2D580869519D}.Release|x64.ActiveCfg = Release|Any CPU
		{2F38F3A3-E47A-4F00-9BE3-2D580869519D}.Release|x64.Build.0 = Release|Any CPU
		{2F38F3A3-E47A-4F00-9BE3-2D580869519D}.Release|x86.ActiveCfg = Release|Any CPU
		{2F38F3A3-E47A-4F00-9BE3-2D580869519D}.Release|x86.Build.0 = Release|Any CPU
		{0E04E6C6-590E-40D6-92F3-C99B235B865F}.Debug|Any CPU.ActiveCfg = Debug|Any CPU
		{0E04E6C6-590E-40D6-92F3-C99B235B865F}.Debug|Any CPU.Build.0 = Debug|Any CPU
		{0E04E6C6-590E-40D6-92F3-C99B235B865F}.Debug|iPhone.ActiveCfg = Debug|Any CPU
		{0E04E6C6-590E-40D6-92F3-C99B235B865F}.Debug|iPhone.Build.0 = Debug|Any CPU
		{0E04E6C6-590E-40D6-92F3-C99B235B865F}.Debug|iPhoneSimulator.ActiveCfg = Debug|Any CPU
		{0E04E6C6-590E-40D6-92F3-C99B235B865F}.Debug|iPhoneSimulator.Build.0 = Debug|Any CPU
		{0E04E6C6-590E-40D6-92F3-C99B235B865F}.Debug|x64.ActiveCfg = Debug|Any CPU
		{0E04E6C6-590E-40D6-92F3-C99B235B865F}.Debug|x64.Build.0 = Debug|Any CPU
		{0E04E6C6-590E-40D6-92F3-C99B235B865F}.Debug|x86.ActiveCfg = Debug|Any CPU
		{0E04E6C6-590E-40D6-92F3-C99B235B865F}.Debug|x86.Build.0 = Debug|Any CPU
		{0E04E6C6-590E-40D6-92F3-C99B235B865F}.Release|Any CPU.ActiveCfg = Release|Any CPU
		{0E04E6C6-590E-40D6-92F3-C99B235B865F}.Release|Any CPU.Build.0 = Release|Any CPU
		{0E04E6C6-590E-40D6-92F3-C99B235B865F}.Release|iPhone.ActiveCfg = Release|Any CPU
		{0E04E6C6-590E-40D6-92F3-C99B235B865F}.Release|iPhone.Build.0 = Release|Any CPU
		{0E04E6C6-590E-40D6-92F3-C99B235B865F}.Release|iPhoneSimulator.ActiveCfg = Release|Any CPU
		{0E04E6C6-590E-40D6-92F3-C99B235B865F}.Release|iPhoneSimulator.Build.0 = Release|Any CPU
		{0E04E6C6-590E-40D6-92F3-C99B235B865F}.Release|x64.ActiveCfg = Release|Any CPU
		{0E04E6C6-590E-40D6-92F3-C99B235B865F}.Release|x64.Build.0 = Release|Any CPU
		{0E04E6C6-590E-40D6-92F3-C99B235B865F}.Release|x86.ActiveCfg = Release|Any CPU
		{0E04E6C6-590E-40D6-92F3-C99B235B865F}.Release|x86.Build.0 = Release|Any CPU
		{C15AD4D1-E714-41DF-8ED5-3882FC6DE339}.Debug|Any CPU.ActiveCfg = Debug|Any CPU
		{C15AD4D1-E714-41DF-8ED5-3882FC6DE339}.Debug|Any CPU.Build.0 = Debug|Any CPU
		{C15AD4D1-E714-41DF-8ED5-3882FC6DE339}.Debug|iPhone.ActiveCfg = Debug|Any CPU
		{C15AD4D1-E714-41DF-8ED5-3882FC6DE339}.Debug|iPhone.Build.0 = Debug|Any CPU
		{C15AD4D1-E714-41DF-8ED5-3882FC6DE339}.Debug|iPhoneSimulator.ActiveCfg = Debug|Any CPU
		{C15AD4D1-E714-41DF-8ED5-3882FC6DE339}.Debug|iPhoneSimulator.Build.0 = Debug|Any CPU
		{C15AD4D1-E714-41DF-8ED5-3882FC6DE339}.Debug|x64.ActiveCfg = Debug|Any CPU
		{C15AD4D1-E714-41DF-8ED5-3882FC6DE339}.Debug|x64.Build.0 = Debug|Any CPU
		{C15AD4D1-E714-41DF-8ED5-3882FC6DE339}.Debug|x86.ActiveCfg = Debug|Any CPU
		{C15AD4D1-E714-41DF-8ED5-3882FC6DE339}.Debug|x86.Build.0 = Debug|Any CPU
		{C15AD4D1-E714-41DF-8ED5-3882FC6DE339}.Release|Any CPU.ActiveCfg = Release|Any CPU
		{C15AD4D1-E714-41DF-8ED5-3882FC6DE339}.Release|Any CPU.Build.0 = Release|Any CPU
		{C15AD4D1-E714-41DF-8ED5-3882FC6DE339}.Release|iPhone.ActiveCfg = Release|Any CPU
		{C15AD4D1-E714-41DF-8ED5-3882FC6DE339}.Release|iPhone.Build.0 = Release|Any CPU
		{C15AD4D1-E714-41DF-8ED5-3882FC6DE339}.Release|iPhoneSimulator.ActiveCfg = Release|Any CPU
		{C15AD4D1-E714-41DF-8ED5-3882FC6DE339}.Release|iPhoneSimulator.Build.0 = Release|Any CPU
		{C15AD4D1-E714-41DF-8ED5-3882FC6DE339}.Release|x64.ActiveCfg = Release|Any CPU
		{C15AD4D1-E714-41DF-8ED5-3882FC6DE339}.Release|x64.Build.0 = Release|Any CPU
		{C15AD4D1-E714-41DF-8ED5-3882FC6DE339}.Release|x86.ActiveCfg = Release|Any CPU
		{C15AD4D1-E714-41DF-8ED5-3882FC6DE339}.Release|x86.Build.0 = Release|Any CPU
	EndGlobalSection
	GlobalSection(SolutionProperties) = preSolution
		HideSolutionNode = FALSE
	EndGlobalSection
	GlobalSection(NestedProjects) = preSolution
		{4095ACDC-733A-4C95-9DB1-D2FD47149863} = {175AB6E2-5FB5-4C15-94C2-DCA2EE6B0703}
		{F581E145-4E43-47B1-9EB7-6D2DDB7B5DE9} = {175AB6E2-5FB5-4C15-94C2-DCA2EE6B0703}
		{EDA88675-A3CB-4D88-A33C-D60649A3748F} = {50192AAF-25B6-447A-99AA-BA8161DBB594}
		{FA53D677-9B2F-4DAA-AECA-118CB0EF47C8} = {50192AAF-25B6-447A-99AA-BA8161DBB594}
		{C7DF823E-DB6D-4FD0-B8D3-B0F75D7D9156} = {50192AAF-25B6-447A-99AA-BA8161DBB594}
		{2F38F3A3-E47A-4F00-9BE3-2D580869519D} = {175AB6E2-5FB5-4C15-94C2-DCA2EE6B0703}
		{0E04E6C6-590E-40D6-92F3-C99B235B865F} = {50192AAF-25B6-447A-99AA-BA8161DBB594}
		{C15AD4D1-E714-41DF-8ED5-3882FC6DE339} = {175AB6E2-5FB5-4C15-94C2-DCA2EE6B0703}
	EndGlobalSection
	GlobalSection(ExtensibilityGlobals) = postSolution
		SolutionGuid = {A645A7FF-3F09-414D-A391-7E50C3597F05}
	EndGlobalSection
EndGlobal
