Microsoft Visual Studio Solution File, Format Version 12.00
# Visual Studio Version 17
VisualStudioVersion = 17.5.2.0
MinimumVisualStudioVersion = 10.0.40219.1
Project("{FAE04EC0-301F-11D3-BF4B-00C04F79EFBC}") = "BlazorBindings.Brutalist", "BlazorBindings.Brutalist.csproj", "{A62C136D-7A00-2F37-4541-F9015D126D0C}"
EndProject
Global
	GlobalSection(SolutionConfigurationPlatforms) = preSolution
		Debug|Any CPU = Debug|Any CPU
		Release|Any CPU = Release|Any CPU
	EndGlobalSection
	GlobalSection(ProjectConfigurationPlatforms) = postSolution
		{A62C136D-7A00-2F37-4541-F9015D126D0C}.Debug|Any CPU.ActiveCfg = Debug|Any CPU
		{A62C136D-7A00-2F37-4541-F9015D126D0C}.Debug|Any CPU.Build.0 = Debug|Any CPU
		{A62C136D-7A00-2F37-4541-F9015D126D0C}.Release|Any CPU.ActiveCfg = Release|Any CPU
		{A62C136D-7A00-2F37-4541-F9015D126D0C}.Release|Any CPU.Build.0 = Release|Any CPU
	EndGlobalSection
	GlobalSection(SolutionProperties) = preSolution
		HideSolutionNode = FALSE
	EndGlobalSection
	GlobalSection(ExtensibilityGlobals) = postSolution
		SolutionGuid = {4628EFDA-B16A-4C95-8C32-7960C37C4548}
	EndGlobalSection
EndGlobal
